// !$*UTF8*$!
{
	archiveVersion = 1;
	classes = {
	};
	objectVersion = 56;
	objects = {

/* Begin PBXBuildFile section */
		35132055292CFC7A00EF74A5 /* landmarkData.json in Resources */ = {isa = PBXBuildFile; fileRef = 35132054292CFC7A00EF74A5 /* landmarkData.json */; };
		35132057292CFC9100EF74A5 /* Landmark.swift in Sources */ = {isa = PBXBuildFile; fileRef = 35132056292CFC9100EF74A5 /* Landmark.swift */; };
		35132059292CFD7200EF74A5 /* ModelData.swift in Sources */ = {isa = PBXBuildFile; fileRef = 35132058292CFD7200EF74A5 /* ModelData.swift */; };
		3513205E292CFEA600EF74A5 /* LandmarkRow.swift in Sources */ = {isa = PBXBuildFile; fileRef = 3513205D292CFEA600EF74A5 /* LandmarkRow.swift */; };
		35132060292CFFBD00EF74A5 /* LandmarkList.swift in Sources */ = {isa = PBXBuildFile; fileRef = 3513205F292CFFBD00EF74A5 /* LandmarkList.swift */; };
		35132062292D00B100EF74A5 /* LandmarkDetail.swift in Sources */ = {isa = PBXBuildFile; fileRef = 35132061292D00B100EF74A5 /* LandmarkDetail.swift */; };
		352ACEE529320DDB00917F83 /* HexagonParameters.swift in Sources */ = {isa = PBXBuildFile; fileRef = 352ACEE429320DDB00917F83 /* HexagonParameters.swift */; };
		352ACEE729320F2B00917F83 /* BadgeBackground.swift in Sources */ = {isa = PBXBuildFile; fileRef = 352ACEE629320F2B00917F83 /* BadgeBackground.swift */; };
		352ACEE92932121900917F83 /* BadgeSymbol.swift in Sources */ = {isa = PBXBuildFile; fileRef = 352ACEE82932121900917F83 /* BadgeSymbol.swift */; };
		352ACEEB293213A700917F83 /* RotatedBadgeSymbol.swift in Sources */ = {isa = PBXBuildFile; fileRef = 352ACEEA293213A700917F83 /* RotatedBadgeSymbol.swift */; };
		352ACEED293213F700917F83 /* Badge.swift in Sources */ = {isa = PBXBuildFile; fileRef = 352ACEEC293213F700917F83 /* Badge.swift */; };
		352ACEF029335D8C00917F83 /* hikeData.json in Resources */ = {isa = PBXBuildFile; fileRef = 352ACEEF29335D8C00917F83 /* hikeData.json */; };
		352ACEF229335E9500917F83 /* Hike.swift in Sources */ = {isa = PBXBuildFile; fileRef = 352ACEF129335E9500917F83 /* Hike.swift */; };
		352ACEF829335F9600917F83 /* GraphCapsule.swift in Sources */ = {isa = PBXBuildFile; fileRef = 352ACEF429335F9600917F83 /* GraphCapsule.swift */; };
		352ACEF929335F9600917F83 /* HikeGraph.swift in Sources */ = {isa = PBXBuildFile; fileRef = 352ACEF529335F9600917F83 /* HikeGraph.swift */; };
		352ACEFA29335F9600917F83 /* HikeDetail.swift in Sources */ = {isa = PBXBuildFile; fileRef = 352ACEF629335F9600917F83 /* HikeDetail.swift */; };
		352ACEFB29335F9600917F83 /* HikeView.swift in Sources */ = {isa = PBXBuildFile; fileRef = 352ACEF729335F9600917F83 /* HikeView.swift */; };
		352ACEFD29363E0E00917F83 /* CategoryHome.swift in Sources */ = {isa = PBXBuildFile; fileRef = 352ACEFC29363E0E00917F83 /* CategoryHome.swift */; };
		352ACEFF29363FBA00917F83 /* CategoryRow.swift in Sources */ = {isa = PBXBuildFile; fileRef = 352ACEFE29363FBA00917F83 /* CategoryRow.swift */; };
		352ACF01293640FB00917F83 /* CategoryItem.swift in Sources */ = {isa = PBXBuildFile; fileRef = 352ACF00293640FB00917F83 /* CategoryItem.swift */; };
		35D0CA58292BA4EC004EC37D /* LandmarksApp.swift in Sources */ = {isa = PBXBuildFile; fileRef = 35D0CA57292BA4EC004EC37D /* LandmarksApp.swift */; };
		35D0CA5A292BA4EC004EC37D /* ContentView.swift in Sources */ = {isa = PBXBuildFile; fileRef = 35D0CA59292BA4EC004EC37D /* ContentView.swift */; };
		35D0CA5C292BA4ED004EC37D /* Assets.xcassets in Resources */ = {isa = PBXBuildFile; fileRef = 35D0CA5B292BA4ED004EC37D /* Assets.xcassets */; };
		35D0CA5F292BA4ED004EC37D /* Preview Assets.xcassets in Resources */ = {isa = PBXBuildFile; fileRef = 35D0CA5E292BA4ED004EC37D /* Preview Assets.xcassets */; };
		35D0CA66292BC2E5004EC37D /* CircleImage.swift in Sources */ = {isa = PBXBuildFile; fileRef = 35D0CA65292BC2E5004EC37D /* CircleImage.swift */; };
		35D0CA68292BC38B004EC37D /* MapView.swift in Sources */ = {isa = PBXBuildFile; fileRef = 35D0CA67292BC38B004EC37D /* MapView.swift */; };
		35D5140E292E3FC5009ACBB5 /* FavoriteButton.swift in Sources */ = {isa = PBXBuildFile; fileRef = 35D5140D292E3FC5009ACBB5 /* FavoriteButton.swift */; };
/* End PBXBuildFile section */

/* Begin PBXFileReference section */
		35132054292CFC7A00EF74A5 /* landmarkData.json */ = {isa = PBXFileReference; fileEncoding = 4; lastKnownFileType = text.json; path = landmarkData.json; sourceTree = "<group>"; };
		35132056292CFC9100EF74A5 /* Landmark.swift */ = {isa = PBXFileReference; lastKnownFileType = sourcecode.swift; path = Landmark.swift; sourceTree = "<group>"; };
		35132058292CFD7200EF74A5 /* ModelData.swift */ = {isa = PBXFileReference; lastKnownFileType = sourcecode.swift; path = ModelData.swift; sourceTree = "<group>"; };
		3513205D292CFEA600EF74A5 /* LandmarkRow.swift */ = {isa = PBXFileReference; lastKnownFileType = sourcecode.swift; path = LandmarkRow.swift; sourceTree = "<group>"; };
		3513205F292CFFBD00EF74A5 /* LandmarkList.swift */ = {isa = PBXFileReference; lastKnownFileType = sourcecode.swift; path = LandmarkList.swift; sourceTree = "<group>"; };
		35132061292D00B100EF74A5 /* LandmarkDetail.swift */ = {isa = PBXFileReference; lastKnownFileType = sourcecode.swift; path = LandmarkDetail.swift; sourceTree = "<group>"; };
		352ACEE429320DDB00917F83 /* HexagonParameters.swift */ = {isa = PBXFileReference; lastKnownFileType = sourcecode.swift; path = HexagonParameters.swift; sourceTree = "<group>"; };
		352ACEE629320F2B00917F83 /* BadgeBackground.swift */ = {isa = PBXFileReference; lastKnownFileType = sourcecode.swift; path = BadgeBackground.swift; sourceTree = "<group>"; };
		352ACEE82932121900917F83 /* BadgeSymbol.swift */ = {isa = PBXFileReference; lastKnownFileType = sourcecode.swift; path = BadgeSymbol.swift; sourceTree = "<group>"; };
		352ACEEA293213A700917F83 /* RotatedBadgeSymbol.swift */ = {isa = PBXFileReference; lastKnownFileType = sourcecode.swift; path = RotatedBadgeSymbol.swift; sourceTree = "<group>"; };
		352ACEEC293213F700917F83 /* Badge.swift */ = {isa = PBXFileReference; lastKnownFileType = sourcecode.swift; path = Badge.swift; sourceTree = "<group>"; };
		352ACEEF29335D8C00917F83 /* hikeData.json */ = {isa = PBXFileReference; fileEncoding = 4; lastKnownFileType = text.json; path = hikeData.json; sourceTree = "<group>"; };
		352ACEF129335E9500917F83 /* Hike.swift */ = {isa = PBXFileReference; lastKnownFileType = sourcecode.swift; path = Hike.swift; sourceTree = "<group>"; };
		352ACEF429335F9600917F83 /* GraphCapsule.swift */ = {isa = PBXFileReference; fileEncoding = 4; lastKnownFileType = sourcecode.swift; path = GraphCapsule.swift; sourceTree = "<group>"; };
		352ACEF529335F9600917F83 /* HikeGraph.swift */ = {isa = PBXFileReference; fileEncoding = 4; lastKnownFileType = sourcecode.swift; path = HikeGraph.swift; sourceTree = "<group>"; };
		352ACEF629335F9600917F83 /* HikeDetail.swift */ = {isa = PBXFileReference; fileEncoding = 4; lastKnownFileType = sourcecode.swift; path = HikeDetail.swift; sourceTree = "<group>"; };
		352ACEF729335F9600917F83 /* HikeView.swift */ = {isa = PBXFileReference; fileEncoding = 4; lastKnownFileType = sourcecode.swift; path = HikeView.swift; sourceTree = "<group>"; };
		352ACEFC29363E0E00917F83 /* CategoryHome.swift */ = {isa = PBXFileReference; lastKnownFileType = sourcecode.swift; path = CategoryHome.swift; sourceTree = "<group>"; };
		352ACEFE29363FBA00917F83 /* CategoryRow.swift */ = {isa = PBXFileReference; lastKnownFileType = sourcecode.swift; path = CategoryRow.swift; sourceTree = "<group>"; };
		352ACF00293640FB00917F83 /* CategoryItem.swift */ = {isa = PBXFileReference; lastKnownFileType = sourcecode.swift; path = CategoryItem.swift; sourceTree = "<group>"; };
		35D0CA54292BA4EC004EC37D /* Landmarks.app */ = {isa = PBXFileReference; explicitFileType = wrapper.application; includeInIndex = 0; path = Landmarks.app; sourceTree = BUILT_PRODUCTS_DIR; };
		35D0CA57292BA4EC004EC37D /* LandmarksApp.swift */ = {isa = PBXFileReference; lastKnownFileType = sourcecode.swift; path = LandmarksApp.swift; sourceTree = "<group>"; };
		35D0CA59292BA4EC004EC37D /* ContentView.swift */ = {isa = PBXFileReference; lastKnownFileType = sourcecode.swift; path = ContentView.swift; sourceTree = "<group>"; };
		35D0CA5B292BA4ED004EC37D /* Assets.xcassets */ = {isa = PBXFileReference; lastKnownFileType = folder.assetcatalog; path = Assets.xcassets; sourceTree = "<group>"; };
		35D0CA5E292BA4ED004EC37D /* Preview Assets.xcassets */ = {isa = PBXFileReference; lastKnownFileType = folder.assetcatalog; path = "Preview Assets.xcassets"; sourceTree = "<group>"; };
		35D0CA65292BC2E5004EC37D /* CircleImage.swift */ = {isa = PBXFileReference; lastKnownFileType = sourcecode.swift; path = CircleImage.swift; sourceTree = "<group>"; };
		35D0CA67292BC38B004EC37D /* MapView.swift */ = {isa = PBXFileReference; lastKnownFileType = sourcecode.swift; path = MapView.swift; sourceTree = "<group>"; };
		35D5140D292E3FC5009ACBB5 /* FavoriteButton.swift */ = {isa = PBXFileReference; lastKnownFileType = sourcecode.swift; path = FavoriteButton.swift; sourceTree = "<group>"; };
/* End PBXFileReference section */

/* Begin PBXFrameworksBuildPhase section */
		35D0CA51292BA4EB004EC37D /* Frameworks */ = {
			isa = PBXFrameworksBuildPhase;
			buildActionMask = 2147483647;
			files = (
			);
			runOnlyForDeploymentPostprocessing = 0;
		};
/* End PBXFrameworksBuildPhase section */

/* Begin PBXGroup section */
		3513205A292CFE4700EF74A5 /* Views */ = {
			isa = PBXGroup;
			children = (
				35D0CA59292BA4EC004EC37D /* ContentView.swift */,
				352ACF022936440B00917F83 /* Category */,
				352ACEE329320DC600917F83 /* Landmarks */,
				352ACEF329335F9600917F83 /* Hikes */,
				35D5140F292E4097009ACBB5 /* Helpers */,
			);
			path = Views;
			sourceTree = "<group>";
		};
		3513205B292CFE5C00EF74A5 /* Model */ = {
			isa = PBXGroup;
			children = (
				35132056292CFC9100EF74A5 /* Landmark.swift */,
				352ACEF129335E9500917F83 /* Hike.swift */,
				35132058292CFD7200EF74A5 /* ModelData.swift */,
			);
			path = Model;
			sourceTree = "<group>";
		};
		3513205C292CFE6A00EF74A5 /* Resources */ = {
			isa = PBXGroup;
			children = (
				35132054292CFC7A00EF74A5 /* landmarkData.json */,
				352ACEEF29335D8C00917F83 /* hikeData.json */,
			);
			path = Resources;
			sourceTree = "<group>";
		};
		352ACEE329320DC600917F83 /* Landmarks */ = {
			isa = PBXGroup;
			children = (
				3513205F292CFFBD00EF74A5 /* LandmarkList.swift */,
				3513205D292CFEA600EF74A5 /* LandmarkRow.swift */,
				35132061292D00B100EF74A5 /* LandmarkDetail.swift */,
				352ACEEE293214ED00917F83 /* Badges */,
			);
			path = Landmarks;
			sourceTree = "<group>";
		};
		352ACEEE293214ED00917F83 /* Badges */ = {
			isa = PBXGroup;
			children = (
				352ACEE429320DDB00917F83 /* HexagonParameters.swift */,
				352ACEE629320F2B00917F83 /* BadgeBackground.swift */,
				352ACEE82932121900917F83 /* BadgeSymbol.swift */,
				352ACEEA293213A700917F83 /* RotatedBadgeSymbol.swift */,
				352ACEEC293213F700917F83 /* Badge.swift */,
			);
			path = Badges;
			sourceTree = "<group>";
		};
		352ACEF329335F9600917F83 /* Hikes */ = {
			isa = PBXGroup;
			children = (
				352ACEF429335F9600917F83 /* GraphCapsule.swift */,
				352ACEF529335F9600917F83 /* HikeGraph.swift */,
				352ACEF629335F9600917F83 /* HikeDetail.swift */,
				352ACEF729335F9600917F83 /* HikeView.swift */,
			);
			path = Hikes;
			sourceTree = "<group>";
		};
		352ACF022936440B00917F83 /* Category */ = {
			isa = PBXGroup;
			children = (
				352ACEFC29363E0E00917F83 /* CategoryHome.swift */,
				352ACEFE29363FBA00917F83 /* CategoryRow.swift */,
				352ACF00293640FB00917F83 /* CategoryItem.swift */,
			);
			path = Category;
			sourceTree = "<group>";
		};
		35D0CA4B292BA4EB004EC37D = {
			isa = PBXGroup;
			children = (
				35D0CA56292BA4EC004EC37D /* Landmarks */,
				35D0CA55292BA4EC004EC37D /* Products */,
			);
			sourceTree = "<group>";
		};
		35D0CA55292BA4EC004EC37D /* Products */ = {
			isa = PBXGroup;
			children = (
				35D0CA54292BA4EC004EC37D /* Landmarks.app */,
			);
			name = Products;
			sourceTree = "<group>";
		};
		35D0CA56292BA4EC004EC37D /* Landmarks */ = {
			isa = PBXGroup;
			children = (
				35D0CA57292BA4EC004EC37D /* LandmarksApp.swift */,
				3513205A292CFE4700EF74A5 /* Views */,
				3513205B292CFE5C00EF74A5 /* Model */,
				3513205C292CFE6A00EF74A5 /* Resources */,
				35D0CA5B292BA4ED004EC37D /* Assets.xcassets */,
				35D0CA5D292BA4ED004EC37D /* Preview Content */,
			);
			path = Landmarks;
			sourceTree = "<group>";
		};
		35D0CA5D292BA4ED004EC37D /* Preview Content */ = {
			isa = PBXGroup;
			children = (
				35D0CA5E292BA4ED004EC37D /* Preview Assets.xcassets */,
			);
			path = "Preview Content";
			sourceTree = "<group>";
		};
		35D5140F292E4097009ACBB5 /* Helpers */ = {
			isa = PBXGroup;
			children = (
				35D0CA65292BC2E5004EC37D /* CircleImage.swift */,
				35D0CA67292BC38B004EC37D /* MapView.swift */,
				35D5140D292E3FC5009ACBB5 /* FavoriteButton.swift */,
			);
			path = Helpers;
			sourceTree = "<group>";
		};
/* End PBXGroup section */

/* Begin PBXNativeTarget section */
		35D0CA53292BA4EB004EC37D /* Landmarks */ = {
			isa = PBXNativeTarget;
			buildConfigurationList = 35D0CA62292BA4ED004EC37D /* Build configuration list for PBXNativeTarget "Landmarks" */;
			buildPhases = (
				35D0CA50292BA4EB004EC37D /* Sources */,
				35D0CA51292BA4EB004EC37D /* Frameworks */,
				35D0CA52292BA4EB004EC37D /* Resources */,
			);
			buildRules = (
			);
			dependencies = (
			);
			name = Landmarks;
			productName = Landmarks;
			productReference = 35D0CA54292BA4EC004EC37D /* Landmarks.app */;
			productType = "com.apple.product-type.application";
		};
/* End PBXNativeTarget section */

/* Begin PBXProject section */
		35D0CA4C292BA4EB004EC37D /* Project object */ = {
			isa = PBXProject;
			attributes = {
				BuildIndependentTargetsInParallel = 1;
				LastSwiftUpdateCheck = 1410;
				LastUpgradeCheck = 1410;
				TargetAttributes = {
					35D0CA53292BA4EB004EC37D = {
						CreatedOnToolsVersion = 14.1;
					};
				};
			};
			buildConfigurationList = 35D0CA4F292BA4EB004EC37D /* Build configuration list for PBXProject "Landmarks" */;
			compatibilityVersion = "Xcode 14.0";
			developmentRegion = en;
			hasScannedForEncodings = 0;
			knownRegions = (
				en,
				Base,
			);
			mainGroup = 35D0CA4B292BA4EB004EC37D;
			productRefGroup = 35D0CA55292BA4EC004EC37D /* Products */;
			projectDirPath = "";
			projectRoot = "";
			targets = (
				35D0CA53292BA4EB004EC37D /* Landmarks */,
			);
		};
/* End PBXProject section */

/* Begin PBXResourcesBuildPhase section */
		35D0CA52292BA4EB004EC37D /* Resources */ = {
			isa = PBXResourcesBuildPhase;
			buildActionMask = 2147483647;
			files = (
				352ACEF029335D8C00917F83 /* hikeData.json in Resources */,
				35D0CA5F292BA4ED004EC37D /* Preview Assets.xcassets in Resources */,
				35D0CA5C292BA4ED004EC37D /* Assets.xcassets in Resources */,
				35132055292CFC7A00EF74A5 /* landmarkData.json in Resources */,
			);
			runOnlyForDeploymentPostprocessing = 0;
		};
/* End PBXResourcesBuildPhase section */

/* Begin PBXSourcesBuildPhase section */
		35D0CA50292BA4EB004EC37D /* Sources */ = {
			isa = PBXSourcesBuildPhase;
			buildActionMask = 2147483647;
			files = (
				352ACEFF29363FBA00917F83 /* CategoryRow.swift in Sources */,
				35D0CA5A292BA4EC004EC37D /* ContentView.swift in Sources */,
				352ACEFD29363E0E00917F83 /* CategoryHome.swift in Sources */,
				352ACEF929335F9600917F83 /* HikeGraph.swift in Sources */,
				352ACEED293213F700917F83 /* Badge.swift in Sources */,
				35D0CA68292BC38B004EC37D /* MapView.swift in Sources */,
				352ACEF829335F9600917F83 /* GraphCapsule.swift in Sources */,
				35D0CA58292BA4EC004EC37D /* LandmarksApp.swift in Sources */,
				35D5140E292E3FC5009ACBB5 /* FavoriteButton.swift in Sources */,
				352ACF01293640FB00917F83 /* CategoryItem.swift in Sources */,
				352ACEFA29335F9600917F83 /* HikeDetail.swift in Sources */,
				352ACEE529320DDB00917F83 /* HexagonParameters.swift in Sources */,
				352ACEF229335E9500917F83 /* Hike.swift in Sources */,
				352ACEEB293213A700917F83 /* RotatedBadgeSymbol.swift in Sources */,
				352ACEE92932121900917F83 /* BadgeSymbol.swift in Sources */,
				35132060292CFFBD00EF74A5 /* LandmarkList.swift in Sources */,
				352ACEFB29335F9600917F83 /* HikeView.swift in Sources */,
				35132062292D00B100EF74A5 /* LandmarkDetail.swift in Sources */,
				352ACEE729320F2B00917F83 /* BadgeBackground.swift in Sources */,
				35D0CA66292BC2E5004EC37D /* CircleImage.swift in Sources */,
				35132057292CFC9100EF74A5 /* Landmark.swift in Sources */,
				3513205E292CFEA600EF74A5 /* LandmarkRow.swift in Sources */,
				35132059292CFD7200EF74A5 /* ModelData.swift in Sources */,
			);
			runOnlyForDeploymentPostprocessing = 0;
		};
/* End PBXSourcesBuildPhase section */

/* Begin XCBuildConfiguration section */
		35D0CA60292BA4ED004EC37D /* Debug */ = {
			isa = XCBuildConfiguration;
			buildSettings = {
				ALWAYS_SEARCH_USER_PATHS = NO;
				CLANG_ANALYZER_NONNULL = YES;
				CLANG_ANALYZER_NUMBER_OBJECT_CONVERSION = YES_AGGRESSIVE;
				CLANG_CXX_LANGUAGE_STANDARD = "gnu++20";
				CLANG_ENABLE_MODULES = YES;
				CLANG_ENABLE_OBJC_ARC = YES;
				CLANG_ENABLE_OBJC_WEAK = YES;
				CLANG_WARN_BLOCK_CAPTURE_AUTORELEASING = YES;
				CLANG_WARN_BOOL_CONVERSION = YES;
				CLANG_WARN_COMMA = YES;
				CLANG_WARN_CONSTANT_CONVERSION = YES;
				CLANG_WARN_DEPRECATED_OBJC_IMPLEMENTATIONS = YES;
				CLANG_WARN_DIRECT_OBJC_ISA_USAGE = YES_ERROR;
				CLANG_WARN_DOCUMENTATION_COMMENTS = YES;
				CLANG_WARN_EMPTY_BODY = YES;
				CLANG_WARN_ENUM_CONVERSION = YES;
				CLANG_WARN_INFINITE_RECURSION = YES;
				CLANG_WARN_INT_CONVERSION = YES;
				CLANG_WARN_NON_LITERAL_NULL_CONVERSION = YES;
				CLANG_WARN_OBJC_IMPLICIT_RETAIN_SELF = YES;
				CLANG_WARN_OBJC_LITERAL_CONVERSION = YES;
				CLANG_WARN_OBJC_ROOT_CLASS = YES_ERROR;
				CLANG_WARN_QUOTED_INCLUDE_IN_FRAMEWORK_HEADER = YES;
				CLANG_WARN_RANGE_LOOP_ANALYSIS = YES;
				CLANG_WARN_STRICT_PROTOTYPES = YES;
				CLANG_WARN_SUSPICIOUS_MOVE = YES;
				CLANG_WARN_UNGUARDED_AVAILABILITY = YES_AGGRESSIVE;
				CLANG_WARN_UNREACHABLE_CODE = YES;
				CLANG_WARN__DUPLICATE_METHOD_MATCH = YES;
				COPY_PHASE_STRIP = NO;
				DEBUG_INFORMATION_FORMAT = dwarf;
				ENABLE_STRICT_OBJC_MSGSEND = YES;
				ENABLE_TESTABILITY = YES;
				GCC_C_LANGUAGE_STANDARD = gnu11;
				GCC_DYNAMIC_NO_PIC = NO;
				GCC_NO_COMMON_BLOCKS = YES;
				GCC_OPTIMIZATION_LEVEL = 0;
				GCC_PREPROCESSOR_DEFINITIONS = (
					"DEBUG=1",
					"$(inherited)",
				);
				GCC_WARN_64_TO_32_BIT_CONVERSION = YES;
				GCC_WARN_ABOUT_RETURN_TYPE = YES_ERROR;
				GCC_WARN_UNDECLARED_SELECTOR = YES;
				GCC_WARN_UNINITIALIZED_AUTOS = YES_AGGRESSIVE;
				GCC_WARN_UNUSED_FUNCTION = YES;
				GCC_WARN_UNUSED_VARIABLE = YES;
				IPHONEOS_DEPLOYMENT_TARGET = 16.1;
				MTL_ENABLE_DEBUG_INFO = INCLUDE_SOURCE;
				MTL_FAST_MATH = YES;
				ONLY_ACTIVE_ARCH = YES;
				SDKROOT = iphoneos;
				SWIFT_ACTIVE_COMPILATION_CONDITIONS = DEBUG;
				SWIFT_OPTIMIZATION_LEVEL = "-Onone";
			};
			name = Debug;
		};
		35D0CA61292BA4ED004EC37D /* Release */ = {
			isa = XCBuildConfiguration;
			buildSettings = {
				ALWAYS_SEARCH_USER_PATHS = NO;
				CLANG_ANALYZER_NONNULL = YES;
				CLANG_ANALYZER_NUMBER_OBJECT_CONVERSION = YES_AGGRESSIVE;
				CLANG_CXX_LANGUAGE_STANDARD = "gnu++20";
				CLANG_ENABLE_MODULES = YES;
				CLANG_ENABLE_OBJC_ARC = YES;
				CLANG_ENABLE_OBJC_WEAK = YES;
				CLANG_WARN_BLOCK_CAPTURE_AUTORELEASING = YES;
				CLANG_WARN_BOOL_CONVERSION = YES;
				CLANG_WARN_COMMA = YES;
				CLANG_WARN_CONSTANT_CONVERSION = YES;
				CLANG_WARN_DEPRECATED_OBJC_IMPLEMENTATIONS = YES;
				CLANG_WARN_DIRECT_OBJC_ISA_USAGE = YES_ERROR;
				CLANG_WARN_DOCUMENTATION_COMMENTS = YES;
				CLANG_WARN_EMPTY_BODY = YES;
				CLANG_WARN_ENUM_CONVERSION = YES;
				CLANG_WARN_INFINITE_RECURSION = YES;
				CLANG_WARN_INT_CONVERSION = YES;
				CLANG_WARN_NON_LITERAL_NULL_CONVERSION = YES;
				CLANG_WARN_OBJC_IMPLICIT_RETAIN_SELF = YES;
				CLANG_WARN_OBJC_LITERAL_CONVERSION = YES;
				CLANG_WARN_OBJC_ROOT_CLASS = YES_ERROR;
				CLANG_WARN_QUOTED_INCLUDE_IN_FRAMEWORK_HEADER = YES;
				CLANG_WARN_RANGE_LOOP_ANALYSIS = YES;
				CLANG_WARN_STRICT_PROTOTYPES = YES;
				CLANG_WARN_SUSPICIOUS_MOVE = YES;
				CLANG_WARN_UNGUARDED_AVAILABILITY = YES_AGGRESSIVE;
				CLANG_WARN_UNREACHABLE_CODE = YES;
				CLANG_WARN__DUPLICATE_METHOD_MATCH = YES;
				COPY_PHASE_STRIP = NO;
				DEBUG_INFORMATION_FORMAT = "dwarf-with-dsym";
				ENABLE_NS_ASSERTIONS = NO;
				ENABLE_STRICT_OBJC_MSGSEND = YES;
				GCC_C_LANGUAGE_STANDARD = gnu11;
				GCC_NO_COMMON_BLOCKS = YES;
				GCC_WARN_64_TO_32_BIT_CONVERSION = YES;
				GCC_WARN_ABOUT_RETURN_TYPE = YES_ERROR;
				GCC_WARN_UNDECLARED_SELECTOR = YES;
				GCC_WARN_UNINITIALIZED_AUTOS = YES_AGGRESSIVE;
				GCC_WARN_UNUSED_FUNCTION = YES;
				GCC_WARN_UNUSED_VARIABLE = YES;
				IPHONEOS_DEPLOYMENT_TARGET = 16.1;
				MTL_ENABLE_DEBUG_INFO = NO;
				MTL_FAST_MATH = YES;
				SDKROOT = iphoneos;
				SWIFT_COMPILATION_MODE = wholemodule;
				SWIFT_OPTIMIZATION_LEVEL = "-O";
				VALIDATE_PRODUCT = YES;
			};
			name = Release;
		};
		35D0CA63292BA4ED004EC37D /* Debug */ = {
			isa = XCBuildConfiguration;
			buildSettings = {
				ASSETCATALOG_COMPILER_APPICON_NAME = AppIcon;
				ASSETCATALOG_COMPILER_GLOBAL_ACCENT_COLOR_NAME = AccentColor;
				CODE_SIGN_STYLE = Automatic;
				CURRENT_PROJECT_VERSION = 1;
				DEVELOPMENT_ASSET_PATHS = "\"Landmarks/Preview Content\"";
				DEVELOPMENT_TEAM = SV4PDXXNFK;
				ENABLE_PREVIEWS = YES;
				GENERATE_INFOPLIST_FILE = YES;
				INFOPLIST_KEY_UIApplicationSceneManifest_Generation = YES;
				INFOPLIST_KEY_UIApplicationSupportsIndirectInputEvents = YES;
				INFOPLIST_KEY_UILaunchScreen_Generation = YES;
				INFOPLIST_KEY_UISupportedInterfaceOrientations_iPad = "UIInterfaceOrientationPortrait UIInterfaceOrientationPortraitUpsideDown UIInterfaceOrientationLandscapeLeft UIInterfaceOrientationLandscapeRight";
				INFOPLIST_KEY_UISupportedInterfaceOrientations_iPhone = "UIInterfaceOrientationPortrait UIInterfaceOrientationLandscapeLeft UIInterfaceOrientationLandscapeRight";
				LD_RUNPATH_SEARCH_PATHS = (
					"$(inherited)",
					"@executable_path/Frameworks",
				);
				MARKETING_VERSION = 1.0;
				PRODUCT_BUNDLE_IDENTIFIER = com.nhamada.example.Landmarks;
				PRODUCT_NAME = "$(TARGET_NAME)";
				SWIFT_EMIT_LOC_STRINGS = YES;
				SWIFT_VERSION = 5.0;
				TARGETED_DEVICE_FAMILY = "1,2";
			};
			name = Debug;
		};
		35D0CA64292BA4ED004EC37D /* Release */ = {
			isa = XCBuildConfiguration;
			buildSettings = {
				ASSETCATALOG_COMPILER_APPICON_NAME = AppIcon;
				ASSETCATALOG_COMPILER_GLOBAL_ACCENT_COLOR_NAME = AccentColor;
				CODE_SIGN_STYLE = Automatic;
				CURRENT_PROJECT_VERSION = 1;
				DEVELOPMENT_ASSET_PATHS = "\"Landmarks/Preview Content\"";
				DEVELOPMENT_TEAM = SV4PDXXNFK;
				ENABLE_PREVIEWS = YES;
				GENERATE_INFOPLIST_FILE = YES;
				INFOPLIST_KEY_UIApplicationSceneManifest_Generation = YES;
				INFOPLIST_KEY_UIApplicationSupportsIndirectInputEvents = YES;
				INFOPLIST_KEY_UILaunchScreen_Generation = YES;
				INFOPLIST_KEY_UISupportedInterfaceOrientations_iPad = "UIInterfaceOrientationPortrait UIInterfaceOrientationPortraitUpsideDown UIInterfaceOrientationLandscapeLeft UIInterfaceOrientationLandscapeRight";
				INFOPLIST_KEY_UISupportedInterfaceOrientations_iPhone = "UIInterfaceOrientationPortrait UIInterfaceOrientationLandscapeLeft UIInterfaceOrientationLandscapeRight";
				LD_RUNPATH_SEARCH_PATHS = (
					"$(inherited)",
					"@executable_path/Frameworks",
				);
				MARKETING_VERSION = 1.0;
				PRODUCT_BUNDLE_IDENTIFIER = com.nhamada.example.Landmarks;
				PRODUCT_NAME = "$(TARGET_NAME)";
				SWIFT_EMIT_LOC_STRINGS = YES;
				SWIFT_VERSION = 5.0;
				TARGETED_DEVICE_FAMILY = "1,2";
			};
			name = Release;
		};
/* End XCBuildConfiguration section */

/* Begin XCConfigurationList section */
		35D0CA4F292BA4EB004EC37D /* Build configuration list for PBXProject "Landmarks" */ = {
			isa = XCConfigurationList;
			buildConfigurations = (
				35D0CA60292BA4ED004EC37D /* Debug */,
				35D0CA61292BA4ED004EC37D /* Release */,
			);
			defaultConfigurationIsVisible = 0;
			defaultConfigurationName = Release;
		};
		35D0CA62292BA4ED004EC37D /* Build configuration list for PBXNativeTarget "Landmarks" */ = {
			isa = XCConfigurationList;
			buildConfigurations = (
				35D0CA63292BA4ED004EC37D /* Debug */,
				35D0CA64292BA4ED004EC37D /* Release */,
			);
			defaultConfigurationIsVisible = 0;
			defaultConfigurationName = Release;
		};
/* End XCConfigurationList section */
	};
	rootObject = 35D0CA4C292BA4EB004EC37D /* Project object */;
}
